{
  "version": 2,
  "dependencies": {
    "net9.0": {
      "ClosedXML": {
        "type": "Direct",
        "requested": "[0.104.1, )",
        "resolved": "0.104.1",
        "contentHash": "RVm2fUNWJlBJlg07shrfeWzrHPG5ypI/vARqdUOUbUdaog8yBw8l4IbCHf2MXt0AXtzaZqGNqhFaCAHigCBdfw==",
        "dependencies": {
          "ClosedXML.Parser": "[1.2.0, 2.0.0)",
          "DocumentFormat.OpenXml": "[3.0.1, 4.0.0)",
          "ExcelNumberFormat": "1.1.0",
          "RBush": "3.2.0",
          "SixLabors.Fonts": "1.0.0",
          "System.IO.Packaging": "8.0.0"
        }
      },
      "Microsoft.Extensions.Configuration": {
        "type": "Direct",
        "requested": "[9.0.0, )",
        "resolved": "9.0.0",
        "contentHash": "YIMO9T3JL8MeEXgVozKt2v79hquo/EFtnY0vgxmLnUvk1Rei/halI7kOWZL2RBeV9FMGzgM9LZA8CVaNwFMaNA==",
        "dependencies": {
          "Microsoft.Extensions.Configuration.Abstractions": "9.0.0",
          "Microsoft.Extensions.Primitives": "9.0.0"
        }
      },
      "Microsoft.Extensions.Configuration.Abstractions": {
        "type": "Direct",
        "requested": "[9.0.0, )",
        "resolved": "9.0.0",
        "contentHash": "lqvd7W3FGKUO1+ZoUEMaZ5XDJeWvjpy2/M/ptCGz3tXLD4HWVaSzjufsAsjemasBEg+2SxXVtYVvGt5r2nKDlg==",
        "dependencies": {
          "Microsoft.Extensions.Primitives": "9.0.0"
        }
      },
      "Microsoft.Extensions.Configuration.Binder": {
        "type": "Direct",
        "requested": "[9.0.0, )",
        "resolved": "9.0.0",
        "contentHash": "RiScL99DcyngY9zJA2ROrri7Br8tn5N4hP4YNvGdTN/bvg1A3dwvDOxHnNZ3Im7x2SJ5i4LkX1uPiR/MfSFBLQ==",
        "dependencies": {
          "Microsoft.Extensions.Configuration.Abstractions": "9.0.0"
        }
      },
      "ClosedXML.Parser": {
        "type": "Transitive",
        "resolved": "1.2.0",
        "contentHash": "w+/0tsxABS3lkSH8EUlA7IGme+mq5T/Puf3DbOiTckmSuUpAUO2LK29oXYByCcWkBv6wcRHxgWlQb1lxkwI0Tw=="
      },
      "DocumentFormat.OpenXml": {
        "type": "Transitive",
        "resolved": "3.0.1",
        "contentHash": "DCK1cwFUJ1FGGyYyo++HWl9H1RkqMWIu+FGOLRy6E4L4y0/HIhlJ7N/n1HKboFfOwKn1cMBRxt1RCuDbIEy5YQ==",
        "dependencies": {
          "DocumentFormat.OpenXml.Framework": "3.0.1"
        }
      },
      "DocumentFormat.OpenXml.Framework": {
        "type": "Transitive",
        "resolved": "3.0.1",
        "contentHash": "ifyI7OW7sggz7LQMIAD2aUsY/zVUON9QaHrpZ4MK33iVMeHlTG4uhUE2aLWb31nry+LCs2ALDAwf8OfUJGjgBg==",
        "dependencies": {
          "System.IO.Packaging": "8.0.0"
        }
      },
      "ExcelNumberFormat": {
        "type": "Transitive",
        "resolved": "1.1.0",
        "contentHash": "R3BVHPs9O+RkExbZYTGT0+9HLbi8ZrNij1Yziyw6znd3J7P3uoIR07uwTLGOogtz1p6+0sna66eBoXu7tBiVQA=="
      },
      "Microsoft.Bcl.AsyncInterfaces": {
        "type": "Transitive",
        "resolved": "6.0.0",
        "contentHash": "UcSjPsst+DfAdJGVDsu346FX0ci0ah+lw3WRtn18NUwEqRt70HaOQ7lI72vy3+1LxtqI3T5GWwV39rQSrCzAeg=="
      },
      "Microsoft.Extensions.Compliance.Abstractions": {
        "type": "Transitive",
        "resolved": "9.0.0",
        "contentHash": "Y85iXLdg55OYwJR23KvCYAPDaIa+723vus9WzLROVWMy0sblHlxVtPR01QR+mwVFbYiljqa9NknmELVitzxbXw==",
        "dependencies": {
          "Microsoft.Extensions.DependencyInjection.Abstractions": "9.0.0",
          "Microsoft.Extensions.ObjectPool": "9.0.0"
        }
      },
      "Microsoft.Extensions.ObjectPool": {
        "type": "Transitive",
        "resolved": "9.0.0",
        "contentHash": "UbsU/gYe4nv1DeqMXIVzDfNNek7Sk2kKuAOXL/Y+sLcAR0HwFUqzg1EPiU88jeHNe0g81aPvvHbvHarQr3r9IA=="
      },
      "Microsoft.Extensions.Options": {
        "type": "Transitive",
        "resolved": "9.0.0",
        "contentHash": "y2146b3jrPI3Q0lokKXdKLpmXqakYbDIPDV6r3M8SqvSf45WwOTzkyfDpxnZXJsJQEpAsAqjUq5Pu8RCJMjubg==",
        "dependencies": {
          "Microsoft.Extensions.DependencyInjection.Abstractions": "9.0.0",
          "Microsoft.Extensions.Primitives": "9.0.0"
        }
      },
      "Microsoft.Extensions.Primitives": {
        "type": "Transitive",
        "resolved": "9.0.0",
        "contentHash": "N3qEBzmLMYiASUlKxxFIISP4AiwuPTHF5uCh+2CWSwwzAJiIYx0kBJsS30cp1nvhSySFAVi30jecD307jV+8Kg=="
      },
      "RBush": {
        "type": "Transitive",
        "resolved": "3.2.0",
        "contentHash": "ijGh9N0zZ7JfXk3oQkWCwK8SwSSByexbyh/MjbCjNxOft9eG5ZqKC1vdgiYq78h4IZRFmN4s3JZ/b10Jipud5w=="
      },
      "SixLabors.Fonts": {
        "type": "Transitive",
        "resolved": "1.0.0",
        "contentHash": "LFQsCZlV0xlUyXAOMUo5kkSl+8zAQXXbbdwWchtk0B4o7zotZhQsQOcJUELGHdfPfm/xDAsz6hONAuV25bJaAg=="
      },
      "System.IO.Packaging": {
        "type": "Transitive",
        "resolved": "8.0.0",
        "contentHash": "8g1V4YRpdGAxFcK8v9OjuMdIOJSpF30Zb1JGicwVZhly3I994WFyBdV6mQEo8d3T+URQe55/M0U0eIH0Hts1bg=="
      },
      "gamelogger.core": {
        "type": "Project",
        "dependencies": {
          "Microsoft.Extensions.DependencyInjection.Abstractions": "[9.0.0, )",
          "Microsoft.Extensions.Logging.Abstractions": "[9.0.0, )",
          "Microsoft.Extensions.Telemetry.Abstractions": "[9.0.0, )",
          "System.Linq.Async": "[6.0.1, )"
        }
      },
      "Microsoft.Extensions.DependencyInjection.Abstractions": {
        "type": "CentralTransitive",
        "requested": "[9.0.0, )",
        "resolved": "9.0.0",
        "contentHash": "+6f2qv2a3dLwd5w6JanPIPs47CxRbnk+ZocMJUhv9NxP88VlOcJYZs9jY+MYSjxvady08bUZn6qgiNh7DadGgg=="
      },
      "Microsoft.Extensions.Logging.Abstractions": {
        "type": "CentralTransitive",
        "requested": "[9.0.0, )",
        "resolved": "9.0.0",
        "contentHash": "g0UfujELzlLbHoVG8kPKVBaW470Ewi+jnptGS9KUi6jcb+k2StujtK3m26DFSGGwQ/+bVgZfsWqNzlP6YOejvw==",
        "dependencies": {
          "Microsoft.Extensions.DependencyInjection.Abstractions": "9.0.0"
        }
      },
      "Microsoft.Extensions.Telemetry.Abstractions": {
        "type": "CentralTransitive",
        "requested": "[9.0.0, )",
        "resolved": "9.0.0",
        "contentHash": "F84i7q3FleH1kjmaSuslZ33yzWtzxZXWjd1ylXcuwM5jNjWN2ifJSO0xQ5c5BYWZA5VeIWWUWupIYr6+3TnDqA==",
        "dependencies": {
          "Microsoft.Extensions.Compliance.Abstractions": "9.0.0",
          "Microsoft.Extensions.Logging.Abstractions": "9.0.0",
          "Microsoft.Extensions.ObjectPool": "9.0.0",
          "Microsoft.Extensions.Options": "9.0.0"
        }
      },
      "System.Linq.Async": {
        "type": "CentralTransitive",
        "requested": "[6.0.1, )",
        "resolved": "6.0.1",
        "contentHash": "0YhHcaroWpQ9UCot3Pizah7ryAzQhNvobLMSxeDIGmnXfkQn8u5owvpOH0K6EVB+z9L7u6Cc4W17Br/+jyttEQ==",
        "dependencies": {
          "Microsoft.Bcl.AsyncInterfaces": "6.0.0"
        }
      }
    }
  }
}