{
  "version": 2,
  "dependencies": {
    "net9.0": {
      "coverlet.collector": {
        "type": "Direct",
        "requested": "[6.0.2, )",
        "resolved": "6.0.2",
        "contentHash": "bJShQ6uWRTQ100ZeyiMqcFlhP7WJ+bCuabUs885dJiBEzMsJMSFr7BOyeCw4rgvQokteGi5rKQTlkhfQPUXg2A=="
      },
      "Microsoft.NET.Test.Sdk": {
        "type": "Direct",
        "requested": "[17.10.0, )",
        "resolved": "17.10.0",
        "contentHash": "0/2HeACkaHEYU3wc83YlcD2Fi4LMtECJjqrtvw0lPi9DCEa35zSPt1j4fuvM8NagjDqJuh1Ja35WcRtn1Um6/A==",
        "dependencies": {
          "Microsoft.CodeCoverage": "17.10.0",
          "Microsoft.TestPlatform.TestHost": "17.10.0"
        }
      },
      "xunit": {
        "type": "Direct",
        "requested": "[2.9.0, )",
        "resolved": "2.9.0",
        "contentHash": "PtU3rZ0ThdmdJqTbK7GkgFf6iBaCR6Q0uvJHznID+XEYk2v6O/b7sRxqnbi3B2gRDXxjTqMkVNayzwsqsFUxRw==",
        "dependencies": {
          "xunit.analyzers": "1.15.0",
          "xunit.assert": "2.9.0",
          "xunit.core": "[2.9.0]"
        }
      },
      "xunit.runner.visualstudio": {
        "type": "Direct",
        "requested": "[2.8.2, )",
        "resolved": "2.8.2",
        "contentHash": "vm1tbfXhFmjFMUmS4M0J0ASXz3/U5XvXBa6DOQUL3fEz4Vt6YPhv+ESCarx6M6D+9kJkJYZKCNvJMas1+nVfmQ=="
      },
      "ClosedXML.Parser": {
        "type": "Transitive",
        "resolved": "1.2.0",
        "contentHash": "w+/0tsxABS3lkSH8EUlA7IGme+mq5T/Puf3DbOiTckmSuUpAUO2LK29oXYByCcWkBv6wcRHxgWlQb1lxkwI0Tw=="
      },
      "DocumentFormat.OpenXml": {
        "type": "Transitive",
        "resolved": "3.0.1",
        "contentHash": "DCK1cwFUJ1FGGyYyo++HWl9H1RkqMWIu+FGOLRy6E4L4y0/HIhlJ7N/n1HKboFfOwKn1cMBRxt1RCuDbIEy5YQ==",
        "dependencies": {
          "DocumentFormat.OpenXml.Framework": "3.0.1"
        }
      },
      "DocumentFormat.OpenXml.Framework": {
        "type": "Transitive",
        "resolved": "3.0.1",
        "contentHash": "ifyI7OW7sggz7LQMIAD2aUsY/zVUON9QaHrpZ4MK33iVMeHlTG4uhUE2aLWb31nry+LCs2ALDAwf8OfUJGjgBg==",
        "dependencies": {
          "System.IO.Packaging": "8.0.0"
        }
      },
      "ExcelNumberFormat": {
        "type": "Transitive",
        "resolved": "1.1.0",
        "contentHash": "R3BVHPs9O+RkExbZYTGT0+9HLbi8ZrNij1Yziyw6znd3J7P3uoIR07uwTLGOogtz1p6+0sna66eBoXu7tBiVQA=="
      },
      "Microsoft.Bcl.AsyncInterfaces": {
        "type": "Transitive",
        "resolved": "6.0.0",
        "contentHash": "UcSjPsst+DfAdJGVDsu346FX0ci0ah+lw3WRtn18NUwEqRt70HaOQ7lI72vy3+1LxtqI3T5GWwV39rQSrCzAeg=="
      },
      "Microsoft.CodeCoverage": {
        "type": "Transitive",
        "resolved": "17.10.0",
        "contentHash": "yC7oSlnR54XO5kOuHlVOKtxomNNN1BWXX8lK1G2jaPXT9sUok7kCOoA4Pgs0qyFaCtMrNsprztYMeoEGqCm4uA=="
      },
      "Microsoft.Extensions.Compliance.Abstractions": {
        "type": "Transitive",
        "resolved": "8.10.0",
        "contentHash": "SlVnMqZjYh7409vddtcoQ1N2HEtEQUHbYPuOOJZ/zNSvbJT4x78BBHaWUTKNEfwdg+MEftRVL63BLB6CVdOCRg==",
        "dependencies": {
          "Microsoft.Extensions.DependencyInjection.Abstractions": "8.0.2",
          "Microsoft.Extensions.ObjectPool": "8.0.10"
        }
      },
      "Microsoft.Extensions.ObjectPool": {
        "type": "Transitive",
        "resolved": "8.0.10",
        "contentHash": "u7gAG7JgxF8VSJUGPSudAcPxOt+ymJKQCSxNRxiuKV+klCQbHljQR75SilpedCTfhPWDhtUwIJpnDVtspr9nMg=="
      },
      "Microsoft.Extensions.Options": {
        "type": "Transitive",
        "resolved": "8.0.2",
        "contentHash": "dWGKvhFybsaZpGmzkGCbNNwBD1rVlWzrZKANLW/CcbFJpCEceMCGzT7zZwHOGBCbwM0SzBuceMj5HN1LKV1QqA==",
        "dependencies": {
          "Microsoft.Extensions.DependencyInjection.Abstractions": "8.0.0",
          "Microsoft.Extensions.Primitives": "8.0.0"
        }
      },
      "Microsoft.Extensions.Primitives": {
        "type": "Transitive",
        "resolved": "8.0.0",
        "contentHash": "bXJEZrW9ny8vjMF1JV253WeLhpEVzFo1lyaZu1vQ4ZxWUlVvknZ/+ftFgVheLubb4eZPSwwxBeqS1JkCOjxd8g=="
      },
      "Microsoft.TestPlatform.ObjectModel": {
        "type": "Transitive",
        "resolved": "17.10.0",
        "contentHash": "KkwhjQevuDj0aBRoPLY6OLAhGqbPUEBuKLbaCs0kUVw29qiOYncdORd4mLVJbn9vGZ7/iFGQ/+AoJl0Tu5Umdg==",
        "dependencies": {
          "System.Reflection.Metadata": "1.6.0"
        }
      },
      "Microsoft.TestPlatform.TestHost": {
        "type": "Transitive",
        "resolved": "17.10.0",
        "contentHash": "LWpMdfqhHvcUkeMCvNYJO8QlPLlYz9XPPb+ZbaXIKhdmjAV0wqTSrTiW5FLaf7RRZT50AQADDOYMOe0HxDxNgA==",
        "dependencies": {
          "Microsoft.TestPlatform.ObjectModel": "17.10.0",
          "Newtonsoft.Json": "13.0.1"
        }
      },
      "Newtonsoft.Json": {
        "type": "Transitive",
        "resolved": "13.0.1",
        "contentHash": "ppPFpBcvxdsfUonNcvITKqLl3bqxWbDCZIzDWHzjpdAHRFfZe0Dw9HmA0+za13IdyrgJwpkDTDA9fHaxOrt20A=="
      },
      "RBush": {
        "type": "Transitive",
        "resolved": "3.2.0",
        "contentHash": "ijGh9N0zZ7JfXk3oQkWCwK8SwSSByexbyh/MjbCjNxOft9eG5ZqKC1vdgiYq78h4IZRFmN4s3JZ/b10Jipud5w=="
      },
      "SixLabors.Fonts": {
        "type": "Transitive",
        "resolved": "1.0.0",
        "contentHash": "LFQsCZlV0xlUyXAOMUo5kkSl+8zAQXXbbdwWchtk0B4o7zotZhQsQOcJUELGHdfPfm/xDAsz6hONAuV25bJaAg=="
      },
      "System.IO.Packaging": {
        "type": "Transitive",
        "resolved": "8.0.0",
        "contentHash": "8g1V4YRpdGAxFcK8v9OjuMdIOJSpF30Zb1JGicwVZhly3I994WFyBdV6mQEo8d3T+URQe55/M0U0eIH0Hts1bg=="
      },
      "System.Reflection.Metadata": {
        "type": "Transitive",
        "resolved": "1.6.0",
        "contentHash": "COC1aiAJjCoA5GBF+QKL2uLqEBew4JsCkQmoHKbN3TlOZKa2fKLz5CpiRQKDz0RsAOEGsVKqOD5bomsXq/4STQ=="
      },
      "xunit.abstractions": {
        "type": "Transitive",
        "resolved": "2.0.3",
        "contentHash": "pot1I4YOxlWjIb5jmwvvQNbTrZ3lJQ+jUGkGjWE3hEFM0l5gOnBWS+H3qsex68s5cO52g+44vpGzhAt+42vwKg=="
      },
      "xunit.analyzers": {
        "type": "Transitive",
        "resolved": "1.15.0",
        "contentHash": "s+M8K/Rtlgr6CmD7AYQKrNTvT5sh0l0ZKDoZ3Z/ExhlIwfV9mGAMR4f7KqIB7SSK7ZOhqDTgTUMYPmKfmvWUWQ=="
      },
      "xunit.assert": {
        "type": "Transitive",
        "resolved": "2.9.0",
        "contentHash": "Z/1pyia//860wEYTKn6Q5dmgikJdRjgE4t5AoxJkK8oTmidzPLEPG574kmm7LFkMLbH6Frwmgb750kcyR+hwoA=="
      },
      "xunit.core": {
        "type": "Transitive",
        "resolved": "2.9.0",
        "contentHash": "uRaop9tZsZMCaUS4AfbSPGYHtvywWnm8XXFNUqII7ShWyDBgdchY6gyDNgO4AK1Lv/1NNW61Zq63CsDV6oH6Jg==",
        "dependencies": {
          "xunit.extensibility.core": "[2.9.0]",
          "xunit.extensibility.execution": "[2.9.0]"
        }
      },
      "xunit.extensibility.core": {
        "type": "Transitive",
        "resolved": "2.9.0",
        "contentHash": "zjDEUSxsr6UNij4gIwCgMqQox+oLDPRZ+mubwWLci+SssPBFQD1xeRR4SvgBuXqbE0QXCJ/STVTp+lxiB5NLVA==",
        "dependencies": {
          "xunit.abstractions": "2.0.3"
        }
      },
      "xunit.extensibility.execution": {
        "type": "Transitive",
        "resolved": "2.9.0",
        "contentHash": "5ZTQZvmPLlBw6QzCOwM0KnMsZw6eGjbmC176QHZlcbQoMhGIeGcYzYwn5w9yXxf+4phtplMuVqTpTbFDQh2bqQ==",
        "dependencies": {
          "xunit.extensibility.core": "[2.9.0]"
        }
      },
      "gamelogger.core": {
        "type": "Project",
        "dependencies": {
          "Microsoft.Extensions.DependencyInjection.Abstractions": "[8.0.2, )",
          "Microsoft.Extensions.Logging.Abstractions": "[8.0.2, )",
          "Microsoft.Extensions.Telemetry.Abstractions": "[8.10.0, )",
          "System.Linq.Async": "[6.0.1, )"
        }
      },
      "gamelogger.infrastructure": {
        "type": "Project",
        "dependencies": {
          "ClosedXML": "[0.104.1, )",
          "GameLogger.Core": "[1.0.0, )"
        }
      },
      "ClosedXML": {
        "type": "CentralTransitive",
        "requested": "[0.104.1, )",
        "resolved": "0.104.1",
        "contentHash": "RVm2fUNWJlBJlg07shrfeWzrHPG5ypI/vARqdUOUbUdaog8yBw8l4IbCHf2MXt0AXtzaZqGNqhFaCAHigCBdfw==",
        "dependencies": {
          "ClosedXML.Parser": "[1.2.0, 2.0.0)",
          "DocumentFormat.OpenXml": "[3.0.1, 4.0.0)",
          "ExcelNumberFormat": "1.1.0",
          "RBush": "3.2.0",
          "SixLabors.Fonts": "1.0.0",
          "System.IO.Packaging": "8.0.0"
        }
      },
      "Microsoft.Extensions.DependencyInjection.Abstractions": {
        "type": "CentralTransitive",
        "requested": "[8.0.2, )",
        "resolved": "8.0.2",
        "contentHash": "3iE7UF7MQkCv1cxzCahz+Y/guQbTqieyxyaWKhrRO91itI9cOKO76OHeQDahqG4MmW5umr3CcCvGmK92lWNlbg=="
      },
      "Microsoft.Extensions.Logging.Abstractions": {
        "type": "CentralTransitive",
        "requested": "[8.0.2, )",
        "resolved": "8.0.2",
        "contentHash": "nroMDjS7hNBPtkZqVBbSiQaQjWRDxITI8Y7XnDs97rqG3EbzVTNLZQf7bIeUJcaHOV8bca47s1Uxq94+2oGdxA==",
        "dependencies": {
          "Microsoft.Extensions.DependencyInjection.Abstractions": "8.0.2"
        }
      },
      "Microsoft.Extensions.Telemetry.Abstractions": {
        "type": "CentralTransitive",
        "requested": "[8.10.0, )",
        "resolved": "8.10.0",
        "contentHash": "lnXq37FJZHJPbSJNEFoQVndG8cJvRbzeaUE9eoY1i6yfQUACHnEhuMnkZm7zPCkSqn0tylF0fITQn/RuDvt+0g==",
        "dependencies": {
          "Microsoft.Extensions.Compliance.Abstractions": "8.10.0",
          "Microsoft.Extensions.Logging.Abstractions": "8.0.2",
          "Microsoft.Extensions.ObjectPool": "8.0.10",
          "Microsoft.Extensions.Options": "8.0.2"
        }
      },
      "System.Linq.Async": {
        "type": "CentralTransitive",
        "requested": "[6.0.1, )",
        "resolved": "6.0.1",
        "contentHash": "0YhHcaroWpQ9UCot3Pizah7ryAzQhNvobLMSxeDIGmnXfkQn8u5owvpOH0K6EVB+z9L7u6Cc4W17Br/+jyttEQ==",
        "dependencies": {
          "Microsoft.Bcl.AsyncInterfaces": "6.0.0"
        }
      }
    }
  }
}